
Microsoft Visual Studio Solution File, Format Version 12.00
# Visual Studio Version 16
VisualStudioVersion = 16.0.29326.143
MinimumVisualStudioVersion = 10.0.40219.1
Project("{FAE04EC0-301F-11D3-BF4B-00C04F79EFBC}") = "GiTools", "GiTools.csproj", "{D49B7464-9765-4770-AE1D-7895B9ED4586}"
EndProject
Global
	GlobalSection(SolutionConfigurationPlatforms) = preSolution
		Debug|Any CPU = Debug|Any CPU
		Release|Any CPU = Release|Any CPU
	EndGlobalSection
	GlobalSection(ProjectConfigurationPlatforms) = postSolution
		{D49B7464-9765-4770-AE1D-7895B9ED4586}.Debug|Any CPU.ActiveCfg = Debug|Any CPU
		{D49B7464-9765-4770-AE1D-7895B9ED4586}.Debug|Any CPU.Build.0 = Debug|Any CPU
		{D49B7464-9765-4770-AE1D-7895B9ED4586}.Release|Any CPU.ActiveCfg = Release|Any CPU
		{D49B7464-9765-4770-AE1D-7895B9ED4586}.Release|Any CPU.Build.0 = Release|Any CPU
	EndGlobalSection
	GlobalSection(SolutionProperties) = preSolution
		HideSolutionNode = FALSE
	EndGlobalSection
	GlobalSection(ExtensibilityGlobals) = postSolution
		SolutionGuid = {F1406F0E-FD0E-4710-A92C-D61EEFADDB54}
	EndGlobalSection
EndGlobal
